{
  "name": "DroneGUI",
  "lockfileVersion": 3,
  "requires": true,
  "packages": {
    "": {
      "dependencies": {
        "google-maps-draw-shape-lib": "^1.0.13"
      }
    },
    "node_modules/google-maps-draw-shape-lib": {
      "version": "1.0.13",
      "resolved": "https://registry.npmjs.org/google-maps-draw-shape-lib/-/google-maps-draw-shape-lib-1.0.13.tgz",
      "integrity": "sha512-cPR8K6Ck2V6S/M5cLuckcU//LZhj5CqQrZLA45/EXcMmINn3qZnWg2neiBZZRcuiDU2QXcfI2ni3uWNDN6+Y1g==",
      "dependencies": {
        "jsts": "1.6.2"
      },
      "engines": {
        "node": ">=10"
      }
    },
    "node_modules/jsts": {
      "version": "1.6.2",
      "resolved": "https://registry.npmjs.org/jsts/-/jsts-1.6.2.tgz",
      "integrity": "sha512-JNfDQk/fo5MeXx4xefvCyHZD22/DHowHr5K07FdgCJ81MEqn02HsDV5FQvYTz60ZIOv/+hhGbsVzXX5cuDWWlA==",
      "engines": {
        "node": ">= 6"
      }
    }
  }
}
